
Microsoft Visual Studio Solution File, Format Version 12.00
# Visual Studio Version 17
VisualStudioVersion = 17.3.32825.248
MinimumVisualStudioVersion = 10.0.40219.1
Project("{FAE04EC0-301F-11D3-BF4B-00C04F79EFBC}") = "E-Shopping", "E-Shopping.csproj", "{FBF3522A-17B7-4D8B-A010-88190B4425CB}"
EndProject
Global
	GlobalSection(SolutionConfigurationPlatforms) = preSolution
		Debug|Any CPU = Debug|Any CPU
		Release|Any CPU = Release|Any CPU
	EndGlobalSection
	GlobalSection(ProjectConfigurationPlatforms) = postSolution
		{FBF3522A-17B7-4D8B-A010-88190B4425CB}.Debug|Any CPU.ActiveCfg = Debug|Any CPU
		{FBF3522A-17B7-4D8B-A010-88190B4425CB}.Debug|Any CPU.Build.0 = Debug|Any CPU
		{FBF3522A-17B7-4D8B-A010-88190B4425CB}.Release|Any CPU.ActiveCfg = Release|Any CPU
		{FBF3522A-17B7-4D8B-A010-88190B4425CB}.Release|Any CPU.Build.0 = Release|Any CPU
	EndGlobalSection
	GlobalSection(SolutionProperties) = preSolution
		HideSolutionNode = FALSE
	EndGlobalSection
	GlobalSection(ExtensibilityGlobals) = postSolution
		SolutionGuid = {86AF98AF-C74D-4DAA-AF76-6D5D72B9AD5A}
	EndGlobalSection
EndGlobal
